// !$*UTF8*$!
{
	archiveVersion = 1;
	classes = {
	};
	objectVersion = 50;
	objects = {

/* Begin PBXBuildFile section */
		5473A2A724F325E6009C6E3D /* AppDelegate.swift in Sources */ = {isa = PBXBuildFile; fileRef = 5473A2A624F325E6009C6E3D /* AppDelegate.swift */; };
		5473A2A924F325E6009C6E3D /* SceneDelegate.swift in Sources */ = {isa = PBXBuildFile; fileRef = 5473A2A824F325E6009C6E3D /* SceneDelegate.swift */; };
		5473A2AB24F325E6009C6E3D /* ContentView.swift in Sources */ = {isa = PBXBuildFile; fileRef = 5473A2AA24F325E6009C6E3D /* ContentView.swift */; };
		5473A2AD24F325E8009C6E3D /* Assets.xcassets in Resources */ = {isa = PBXBuildFile; fileRef = 5473A2AC24F325E8009C6E3D /* Assets.xcassets */; };
		5473A2B024F325E8009C6E3D /* Preview Assets.xcassets in Resources */ = {isa = PBXBuildFile; fileRef = 5473A2AF24F325E8009C6E3D /* Preview Assets.xcassets */; };
		5473A2B324F325E8009C6E3D /* LaunchScreen.storyboard in Resources */ = {isa = PBXBuildFile; fileRef = 5473A2B124F325E8009C6E3D /* LaunchScreen.storyboard */; };
		5473A2BE24F325E8009C6E3D /* SimilarWordsTests.swift in Sources */ = {isa = PBXBuildFile; fileRef = 5473A2BD24F325E8009C6E3D /* SimilarWordsTests.swift */; };
		5473A2C924F325E8009C6E3D /* SimilarWordsUITests.swift in Sources */ = {isa = PBXBuildFile; fileRef = 5473A2C824F325E8009C6E3D /* SimilarWordsUITests.swift */; };
		5473A2D724F3264A009C6E3D /* HomeView.swift in Sources */ = {isa = PBXBuildFile; fileRef = 5473A2D624F3264A009C6E3D /* HomeView.swift */; };
		5473A2D924F32690009C6E3D /* SimilarWordsViewModel.swift in Sources */ = {isa = PBXBuildFile; fileRef = 5473A2D824F32690009C6E3D /* SimilarWordsViewModel.swift */; };
/* End PBXBuildFile section */

/* Begin PBXContainerItemProxy section */
		5473A2BA24F325E8009C6E3D /* PBXContainerItemProxy */ = {
			isa = PBXContainerItemProxy;
			containerPortal = 5473A29B24F325E6009C6E3D /* Project object */;
			proxyType = 1;
			remoteGlobalIDString = 5473A2A224F325E6009C6E3D;
			remoteInfo = SimilarWords;
		};
		5473A2C524F325E8009C6E3D /* PBXContainerItemProxy */ = {
			isa = PBXContainerItemProxy;
			containerPortal = 5473A29B24F325E6009C6E3D /* Project object */;
			proxyType = 1;
			remoteGlobalIDString = 5473A2A224F325E6009C6E3D;
			remoteInfo = SimilarWords;
		};
/* End PBXContainerItemProxy section */

/* Begin PBXFileReference section */
		5473A2A324F325E6009C6E3D /* SimilarWords.app */ = {isa = PBXFileReference; explicitFileType = wrapper.application; includeInIndex = 0; path = SimilarWords.app; sourceTree = BUILT_PRODUCTS_DIR; };
		5473A2A624F325E6009C6E3D /* AppDelegate.swift */ = {isa = PBXFileReference; lastKnownFileType = sourcecode.swift; path = AppDelegate.swift; sourceTree = "<group>"; };
		5473A2A824F325E6009C6E3D /* SceneDelegate.swift */ = {isa = PBXFileReference; lastKnownFileType = sourcecode.swift; path = SceneDelegate.swift; sourceTree = "<group>"; };
		5473A2AA24F325E6009C6E3D /* ContentView.swift */ = {isa = PBXFileReference; lastKnownFileType = sourcecode.swift; path = ContentView.swift; sourceTree = "<group>"; };
		5473A2AC24F325E8009C6E3D /* Assets.xcassets */ = {isa = PBXFileReference; lastKnownFileType = folder.assetcatalog; path = Assets.xcassets; sourceTree = "<group>"; };
		5473A2AF24F325E8009C6E3D /* Preview Assets.xcassets */ = {isa = PBXFileReference; lastKnownFileType = folder.assetcatalog; path = "Preview Assets.xcassets"; sourceTree = "<group>"; };
		5473A2B224F325E8009C6E3D /* Base */ = {isa = PBXFileReference; lastKnownFileType = file.storyboard; name = Base; path = Base.lproj/LaunchScreen.storyboard; sourceTree = "<group>"; };
		5473A2B424F325E8009C6E3D /* Info.plist */ = {isa = PBXFileReference; lastKnownFileType = text.plist.xml; path = Info.plist; sourceTree = "<group>"; };
		5473A2B924F325E8009C6E3D /* SimilarWordsTests.xctest */ = {isa = PBXFileReference; explicitFileType = wrapper.cfbundle; includeInIndex = 0; path = SimilarWordsTests.xctest; sourceTree = BUILT_PRODUCTS_DIR; };
		5473A2BD24F325E8009C6E3D /* SimilarWordsTests.swift */ = {isa = PBXFileReference; lastKnownFileType = sourcecode.swift; path = SimilarWordsTests.swift; sourceTree = "<group>"; };
		5473A2BF24F325E8009C6E3D /* Info.plist */ = {isa = PBXFileReference; lastKnownFileType = text.plist.xml; path = Info.plist; sourceTree = "<group>"; };
		5473A2C424F325E8009C6E3D /* SimilarWordsUITests.xctest */ = {isa = PBXFileReference; explicitFileType = wrapper.cfbundle; includeInIndex = 0; path = SimilarWordsUITests.xctest; sourceTree = BUILT_PRODUCTS_DIR; };
		5473A2C824F325E8009C6E3D /* SimilarWordsUITests.swift */ = {isa = PBXFileReference; lastKnownFileType = sourcecode.swift; path = SimilarWordsUITests.swift; sourceTree = "<group>"; };
		5473A2CA24F325E8009C6E3D /* Info.plist */ = {isa = PBXFileReference; lastKnownFileType = text.plist.xml; path = Info.plist; sourceTree = "<group>"; };
		5473A2D624F3264A009C6E3D /* HomeView.swift */ = {isa = PBXFileReference; lastKnownFileType = sourcecode.swift; path = HomeView.swift; sourceTree = "<group>"; };
		5473A2D824F32690009C6E3D /* SimilarWordsViewModel.swift */ = {isa = PBXFileReference; lastKnownFileType = sourcecode.swift; path = SimilarWordsViewModel.swift; sourceTree = "<group>"; };
/* End PBXFileReference section */

/* Begin PBXFrameworksBuildPhase section */
		5473A2A024F325E6009C6E3D /* Frameworks */ = {
			isa = PBXFrameworksBuildPhase;
			buildActionMask = 2147483647;
			files = (
			);
			runOnlyForDeploymentPostprocessing = 0;
		};
		5473A2B624F325E8009C6E3D /* Frameworks */ = {
			isa = PBXFrameworksBuildPhase;
			buildActionMask = 2147483647;
			files = (
			);
			runOnlyForDeploymentPostprocessing = 0;
		};
		5473A2C124F325E8009C6E3D /* Frameworks */ = {
			isa = PBXFrameworksBuildPhase;
			buildActionMask = 2147483647;
			files = (
			);
			runOnlyForDeploymentPostprocessing = 0;
		};
/* End PBXFrameworksBuildPhase section */

/* Begin PBXGroup section */
		5473A29A24F325E6009C6E3D = {
			isa = PBXGroup;
			children = (
				5473A2A524F325E6009C6E3D /* SimilarWords */,
				5473A2BC24F325E8009C6E3D /* SimilarWordsTests */,
				5473A2C724F325E8009C6E3D /* SimilarWordsUITests */,
				5473A2A424F325E6009C6E3D /* Products */,
			);
			sourceTree = "<group>";
		};
		5473A2A424F325E6009C6E3D /* Products */ = {
			isa = PBXGroup;
			children = (
				5473A2A324F325E6009C6E3D /* SimilarWords.app */,
				5473A2B924F325E8009C6E3D /* SimilarWordsTests.xctest */,
				5473A2C424F325E8009C6E3D /* SimilarWordsUITests.xctest */,
			);
			name = Products;
			sourceTree = "<group>";
		};
		5473A2A524F325E6009C6E3D /* SimilarWords */ = {
			isa = PBXGroup;
			children = (
				5473A2A624F325E6009C6E3D /* AppDelegate.swift */,
				5473A2A824F325E6009C6E3D /* SceneDelegate.swift */,
				5473A2AA24F325E6009C6E3D /* ContentView.swift */,
				5473A2D624F3264A009C6E3D /* HomeView.swift */,
				5473A2D824F32690009C6E3D /* SimilarWordsViewModel.swift */,
				5473A2AC24F325E8009C6E3D /* Assets.xcassets */,
				5473A2B124F325E8009C6E3D /* LaunchScreen.storyboard */,
				5473A2B424F325E8009C6E3D /* Info.plist */,
				5473A2AE24F325E8009C6E3D /* Preview Content */,
			);
			path = SimilarWords;
			sourceTree = "<group>";
		};
		5473A2AE24F325E8009C6E3D /* Preview Content */ = {
			isa = PBXGroup;
			children = (
				5473A2AF24F325E8009C6E3D /* Preview Assets.xcassets */,
			);
			path = "Preview Content";
			sourceTree = "<group>";
		};
		5473A2BC24F325E8009C6E3D /* SimilarWordsTests */ = {
			isa = PBXGroup;
			children = (
				5473A2BD24F325E8009C6E3D /* SimilarWordsTests.swift */,
				5473A2BF24F325E8009C6E3D /* Info.plist */,
			);
			path = SimilarWordsTests;
			sourceTree = "<group>";
		};
		5473A2C724F325E8009C6E3D /* SimilarWordsUITests */ = {
			isa = PBXGroup;
			children = (
				5473A2C824F325E8009C6E3D /* SimilarWordsUITests.swift */,
				5473A2CA24F325E8009C6E3D /* Info.plist */,
			);
			path = SimilarWordsUITests;
			sourceTree = "<group>";
		};
/* End PBXGroup section */

/* Begin PBXNativeTarget section */
		5473A2A224F325E6009C6E3D /* SimilarWords */ = {
			isa = PBXNativeTarget;
			buildConfigurationList = 5473A2CD24F325E8009C6E3D /* Build configuration list for PBXNativeTarget "SimilarWords" */;
			buildPhases = (
				5473A29F24F325E6009C6E3D /* Sources */,
				5473A2A024F325E6009C6E3D /* Frameworks */,
				5473A2A124F325E6009C6E3D /* Resources */,
			);
			buildRules = (
			);
			dependencies = (
			);
			name = SimilarWords;
			productName = SimilarWords;
			productReference = 5473A2A324F325E6009C6E3D /* SimilarWords.app */;
			productType = "com.apple.product-type.application";
		};
		5473A2B824F325E8009C6E3D /* SimilarWordsTests */ = {
			isa = PBXNativeTarget;
			buildConfigurationList = 5473A2D024F325E8009C6E3D /* Build configuration list for PBXNativeTarget "SimilarWordsTests" */;
			buildPhases = (
				5473A2B524F325E8009C6E3D /* Sources */,
				5473A2B624F325E8009C6E3D /* Frameworks */,
				5473A2B724F325E8009C6E3D /* Resources */,
			);
			buildRules = (
			);
			dependencies = (
				5473A2BB24F325E8009C6E3D /* PBXTargetDependency */,
			);
			name = SimilarWordsTests;
			productName = SimilarWordsTests;
			productReference = 5473A2B924F325E8009C6E3D /* SimilarWordsTests.xctest */;
			productType = "com.apple.product-type.bundle.unit-test";
		};
		5473A2C324F325E8009C6E3D /* SimilarWordsUITests */ = {
			isa = PBXNativeTarget;
			buildConfigurationList = 5473A2D324F325E8009C6E3D /* Build configuration list for PBXNativeTarget "SimilarWordsUITests" */;
			buildPhases = (
				5473A2C024F325E8009C6E3D /* Sources */,
				5473A2C124F325E8009C6E3D /* Frameworks */,
				5473A2C224F325E8009C6E3D /* Resources */,
			);
			buildRules = (
			);
			dependencies = (
				5473A2C624F325E8009C6E3D /* PBXTargetDependency */,
			);
			name = SimilarWordsUITests;
			productName = SimilarWordsUITests;
			productReference = 5473A2C424F325E8009C6E3D /* SimilarWordsUITests.xctest */;
			productType = "com.apple.product-type.bundle.ui-testing";
		};
/* End PBXNativeTarget section */

/* Begin PBXProject section */
		5473A29B24F325E6009C6E3D /* Project object */ = {
			isa = PBXProject;
			attributes = {
				LastSwiftUpdateCheck = 1160;
				LastUpgradeCheck = 1160;
				ORGANIZATIONNAME = "Emad Abdulrahim";
				TargetAttributes = {
					5473A2A224F325E6009C6E3D = {
						CreatedOnToolsVersion = 11.6;
					};
					5473A2B824F325E8009C6E3D = {
						CreatedOnToolsVersion = 11.6;
						TestTargetID = 5473A2A224F325E6009C6E3D;
					};
					5473A2C324F325E8009C6E3D = {
						CreatedOnToolsVersion = 11.6;
						TestTargetID = 5473A2A224F325E6009C6E3D;
					};
				};
			};
			buildConfigurationList = 5473A29E24F325E6009C6E3D /* Build configuration list for PBXProject "SimilarWords" */;
			compatibilityVersion = "Xcode 9.3";
			developmentRegion = en;
			hasScannedForEncodings = 0;
			knownRegions = (
				en,
				Base,
			);
			mainGroup = 5473A29A24F325E6009C6E3D;
			productRefGroup = 5473A2A424F325E6009C6E3D /* Products */;
			projectDirPath = "";
			projectRoot = "";
			targets = (
				5473A2A224F325E6009C6E3D /* SimilarWords */,
				5473A2B824F325E8009C6E3D /* SimilarWordsTests */,
				5473A2C324F325E8009C6E3D /* SimilarWordsUITests */,
			);
		};
/* End PBXProject section */

/* Begin PBXResourcesBuildPhase section */
		5473A2A124F325E6009C6E3D /* Resources */ = {
			isa = PBXResourcesBuildPhase;
			buildActionMask = 2147483647;
			files = (
				5473A2B324F325E8009C6E3D /* LaunchScreen.storyboard in Resources */,
				5473A2B024F325E8009C6E3D /* Preview Assets.xcassets in Resources */,
				5473A2AD24F325E8009C6E3D /* Assets.xcassets in Resources */,
			);
			runOnlyForDeploymentPostprocessing = 0;
		};
		5473A2B724F325E8009C6E3D /* Resources */ = {
			isa = PBXResourcesBuildPhase;
			buildActionMask = 2147483647;
			files = (
			);
			runOnlyForDeploymentPostprocessing = 0;
		};
		5473A2C224F325E8009C6E3D /* Resources */ = {
			isa = PBXResourcesBuildPhase;
			buildActionMask = 2147483647;
			files = (
			);
			runOnlyForDeploymentPostprocessing = 0;
		};
/* End PBXResourcesBuildPhase section */

/* Begin PBXSourcesBuildPhase section */
		5473A29F24F325E6009C6E3D /* Sources */ = {
			isa = PBXSourcesBuildPhase;
			buildActionMask = 2147483647;
			files = (
				5473A2A724F325E6009C6E3D /* AppDelegate.swift in Sources */,
				5473A2D924F32690009C6E3D /* SimilarWordsViewModel.swift in Sources */,
				5473A2D724F3264A009C6E3D /* HomeView.swift in Sources */,
				5473A2A924F325E6009C6E3D /* SceneDelegate.swift in Sources */,
				5473A2AB24F325E6009C6E3D /* ContentView.swift in Sources */,
			);
			runOnlyForDeploymentPostprocessing = 0;
		};
		5473A2B524F325E8009C6E3D /* Sources */ = {
			isa = PBXSourcesBuildPhase;
			buildActionMask = 2147483647;
			files = (
				5473A2BE24F325E8009C6E3D /* SimilarWordsTests.swift in Sources */,
			);
			runOnlyForDeploymentPostprocessing = 0;
		};
		5473A2C024F325E8009C6E3D /* Sources */ = {
			isa = PBXSourcesBuildPhase;
			buildActionMask = 2147483647;
			files = (
				5473A2C924F325E8009C6E3D /* SimilarWordsUITests.swift in Sources */,
			);
			runOnlyForDeploymentPostprocessing = 0;
		};
/* End PBXSourcesBuildPhase section */

/* Begin PBXTargetDependency section */
		5473A2BB24F325E8009C6E3D /* PBXTargetDependency */ = {
			isa = PBXTargetDependency;
			target = 5473A2A224F325E6009C6E3D /* SimilarWords */;
			targetProxy = 5473A2BA24F325E8009C6E3D /* PBXContainerItemProxy */;
		};
		5473A2C624F325E8009C6E3D /* PBXTargetDependency */ = {
			isa = PBXTargetDependency;
			target = 5473A2A224F325E6009C6E3D /* SimilarWords */;
			targetProxy = 5473A2C524F325E8009C6E3D /* PBXContainerItemProxy */;
		};
/* End PBXTargetDependency section */

/* Begin PBXVariantGroup section */
		5473A2B124F325E8009C6E3D /* LaunchScreen.storyboard */ = {
			isa = PBXVariantGroup;
			children = (
				5473A2B224F325E8009C6E3D /* Base */,
			);
			name = LaunchScreen.storyboard;
			sourceTree = "<group>";
		};
/* End PBXVariantGroup section */

/* Begin XCBuildConfiguration section */
		5473A2CB24F325E8009C6E3D /* Debug */ = {
			isa = XCBuildConfiguration;
			buildSettings = {
				ALWAYS_SEARCH_USER_PATHS = NO;
				CLANG_ANALYZER_NONNULL = YES;
				CLANG_ANALYZER_NUMBER_OBJECT_CONVERSION = YES_AGGRESSIVE;
				CLANG_CXX_LANGUAGE_STANDARD = "gnu++14";
				CLANG_CXX_LIBRARY = "libc++";
				CLANG_ENABLE_MODULES = YES;
				CLANG_ENABLE_OBJC_ARC = YES;
				CLANG_ENABLE_OBJC_WEAK = YES;
				CLANG_WARN_BLOCK_CAPTURE_AUTORELEASING = YES;
				CLANG_WARN_BOOL_CONVERSION = YES;
				CLANG_WARN_COMMA = YES;
				CLANG_WARN_CONSTANT_CONVERSION = YES;
				CLANG_WARN_DEPRECATED_OBJC_IMPLEMENTATIONS = YES;
				CLANG_WARN_DIRECT_OBJC_ISA_USAGE = YES_ERROR;
				CLANG_WARN_DOCUMENTATION_COMMENTS = YES;
				CLANG_WARN_EMPTY_BODY = YES;
				CLANG_WARN_ENUM_CONVERSION = YES;
				CLANG_WARN_INFINITE_RECURSION = YES;
				CLANG_WARN_INT_CONVERSION = YES;
				CLANG_WARN_NON_LITERAL_NULL_CONVERSION = YES;
				CLANG_WARN_OBJC_IMPLICIT_RETAIN_SELF = YES;
				CLANG_WARN_OBJC_LITERAL_CONVERSION = YES;
				CLANG_WARN_OBJC_ROOT_CLASS = YES_ERROR;
				CLANG_WARN_RANGE_LOOP_ANALYSIS = YES;
				CLANG_WARN_STRICT_PROTOTYPES = YES;
				CLANG_WARN_SUSPICIOUS_MOVE = YES;
				CLANG_WARN_UNGUARDED_AVAILABILITY = YES_AGGRESSIVE;
				CLANG_WARN_UNREACHABLE_CODE = YES;
				CLANG_WARN__DUPLICATE_METHOD_MATCH = YES;
				COPY_PHASE_STRIP = NO;
				DEBUG_INFORMATION_FORMAT = dwarf;
				ENABLE_STRICT_OBJC_MSGSEND = YES;
				ENABLE_TESTABILITY = YES;
				GCC_C_LANGUAGE_STANDARD = gnu11;
				GCC_DYNAMIC_NO_PIC = NO;
				GCC_NO_COMMON_BLOCKS = YES;
				GCC_OPTIMIZATION_LEVEL = 0;
				GCC_PREPROCESSOR_DEFINITIONS = (
					"DEBUG=1",
					"$(inherited)",
				);
				GCC_WARN_64_TO_32_BIT_CONVERSION = YES;
				GCC_WARN_ABOUT_RETURN_TYPE = YES_ERROR;
				GCC_WARN_UNDECLARED_SELECTOR = YES;
				GCC_WARN_UNINITIALIZED_AUTOS = YES_AGGRESSIVE;
				GCC_WARN_UNUSED_FUNCTION = YES;
				GCC_WARN_UNUSED_VARIABLE = YES;
				IPHONEOS_DEPLOYMENT_TARGET = 13.6;
				MTL_ENABLE_DEBUG_INFO = INCLUDE_SOURCE;
				MTL_FAST_MATH = YES;
				ONLY_ACTIVE_ARCH = YES;
				SDKROOT = iphoneos;
				SWIFT_ACTIVE_COMPILATION_CONDITIONS = DEBUG;
				SWIFT_OPTIMIZATION_LEVEL = "-Onone";
			};
			name = Debug;
		};
		5473A2CC24F325E8009C6E3D /* Release */ = {
			isa = XCBuildConfiguration;
			buildSettings = {
				ALWAYS_SEARCH_USER_PATHS = NO;
				CLANG_ANALYZER_NONNULL = YES;
				CLANG_ANALYZER_NUMBER_OBJECT_CONVERSION = YES_AGGRESSIVE;
				CLANG_CXX_LANGUAGE_STANDARD = "gnu++14";
				CLANG_CXX_LIBRARY = "libc++";
				CLANG_ENABLE_MODULES = YES;
				CLANG_ENABLE_OBJC_ARC = YES;
				CLANG_ENABLE_OBJC_WEAK = YES;
				CLANG_WARN_BLOCK_CAPTURE_AUTORELEASING = YES;
				CLANG_WARN_BOOL_CONVERSION = YES;
				CLANG_WARN_COMMA = YES;
				CLANG_WARN_CONSTANT_CONVERSION = YES;
				CLANG_WARN_DEPRECATED_OBJC_IMPLEMENTATIONS = YES;
				CLANG_WARN_DIRECT_OBJC_ISA_USAGE = YES_ERROR;
				CLANG_WARN_DOCUMENTATION_COMMENTS = YES;
				CLANG_WARN_EMPTY_BODY = YES;
				CLANG_WARN_ENUM_CONVERSION = YES;
				CLANG_WARN_INFINITE_RECURSION = YES;
				CLANG_WARN_INT_CONVERSION = YES;
				CLANG_WARN_NON_LITERAL_NULL_CONVERSION = YES;
				CLANG_WARN_OBJC_IMPLICIT_RETAIN_SELF = YES;
				CLANG_WARN_OBJC_LITERAL_CONVERSION = YES;
				CLANG_WARN_OBJC_ROOT_CLASS = YES_ERROR;
				CLANG_WARN_RANGE_LOOP_ANALYSIS = YES;
				CLANG_WARN_STRICT_PROTOTYPES = YES;
				CLANG_WARN_SUSPICIOUS_MOVE = YES;
				CLANG_WARN_UNGUARDED_AVAILABILITY = YES_AGGRESSIVE;
				CLANG_WARN_UNREACHABLE_CODE = YES;
				CLANG_WARN__DUPLICATE_METHOD_MATCH = YES;
				COPY_PHASE_STRIP = NO;
				DEBUG_INFORMATION_FORMAT = "dwarf-with-dsym";
				ENABLE_NS_ASSERTIONS = NO;
				ENABLE_STRICT_OBJC_MSGSEND = YES;
				GCC_C_LANGUAGE_STANDARD = gnu11;
				GCC_NO_COMMON_BLOCKS = YES;
				GCC_WARN_64_TO_32_BIT_CONVERSION = YES;
				GCC_WARN_ABOUT_RETURN_TYPE = YES_ERROR;
				GCC_WARN_UNDECLARED_SELECTOR = YES;
				GCC_WARN_UNINITIALIZED_AUTOS = YES_AGGRESSIVE;
				GCC_WARN_UNUSED_FUNCTION = YES;
				GCC_WARN_UNUSED_VARIABLE = YES;
				IPHONEOS_DEPLOYMENT_TARGET = 13.6;
				MTL_ENABLE_DEBUG_INFO = NO;
				MTL_FAST_MATH = YES;
				SDKROOT = iphoneos;
				SWIFT_COMPILATION_MODE = wholemodule;
				SWIFT_OPTIMIZATION_LEVEL = "-O";
				VALIDATE_PRODUCT = YES;
			};
			name = Release;
		};
		5473A2CE24F325E8009C6E3D /* Debug */ = {
			isa = XCBuildConfiguration;
			buildSettings = {
				ASSETCATALOG_COMPILER_APPICON_NAME = AppIcon;
				CODE_SIGN_STYLE = Automatic;
				DEVELOPMENT_ASSET_PATHS = "\"SimilarWords/Preview Content\"";
				ENABLE_PREVIEWS = YES;
				INFOPLIST_FILE = SimilarWords/Info.plist;
				LD_RUNPATH_SEARCH_PATHS = (
					"$(inherited)",
					"@executable_path/Frameworks",
				);
				PRODUCT_BUNDLE_IDENTIFIER = emad.products.SimilarWords;
				PRODUCT_NAME = "$(TARGET_NAME)";
				SWIFT_VERSION = 5.0;
				TARGETED_DEVICE_FAMILY = "1,2";
			};
			name = Debug;
		};
		5473A2CF24F325E8009C6E3D /* Release */ = {
			isa = XCBuildConfiguration;
			buildSettings = {
				ASSETCATALOG_COMPILER_APPICON_NAME = AppIcon;
				CODE_SIGN_STYLE = Automatic;
				DEVELOPMENT_ASSET_PATHS = "\"SimilarWords/Preview Content\"";
				ENABLE_PREVIEWS = YES;
				INFOPLIST_FILE = SimilarWords/Info.plist;
				LD_RUNPATH_SEARCH_PATHS = (
					"$(inherited)",
					"@executable_path/Frameworks",
				);
				PRODUCT_BUNDLE_IDENTIFIER = emad.products.SimilarWords;
				PRODUCT_NAME = "$(TARGET_NAME)";
				SWIFT_VERSION = 5.0;
				TARGETED_DEVICE_FAMILY = "1,2";
			};
			name = Release;
		};
		5473A2D124F325E8009C6E3D /* Debug */ = {
			isa = XCBuildConfiguration;
			buildSettings = {
				ALWAYS_EMBED_SWIFT_STANDARD_LIBRARIES = YES;
				BUNDLE_LOADER = "$(TEST_HOST)";
				CODE_SIGN_STYLE = Automatic;
				INFOPLIST_FILE = SimilarWordsTests/Info.plist;
				IPHONEOS_DEPLOYMENT_TARGET = 13.6;
				LD_RUNPATH_SEARCH_PATHS = (
					"$(inherited)",
					"@executable_path/Frameworks",
					"@loader_path/Frameworks",
				);
				PRODUCT_BUNDLE_IDENTIFIER = emad.products.SimilarWordsTests;
				PRODUCT_NAME = "$(TARGET_NAME)";
				SWIFT_VERSION = 5.0;
				TARGETED_DEVICE_FAMILY = "1,2";
				TEST_HOST = "$(BUILT_PRODUCTS_DIR)/SimilarWords.app/SimilarWords";
			};
			name = Debug;
		};
		5473A2D224F325E8009C6E3D /* Release */ = {
			isa = XCBuildConfiguration;
			buildSettings = {
				ALWAYS_EMBED_SWIFT_STANDARD_LIBRARIES = YES;
				BUNDLE_LOADER = "$(TEST_HOST)";
				CODE_SIGN_STYLE = Automatic;
				INFOPLIST_FILE = SimilarWordsTests/Info.plist;
				IPHONEOS_DEPLOYMENT_TARGET = 13.6;
				LD_RUNPATH_SEARCH_PATHS = (
					"$(inherited)",
					"@executable_path/Frameworks",
					"@loader_path/Frameworks",
				);
				PRODUCT_BUNDLE_IDENTIFIER = emad.products.SimilarWordsTests;
				PRODUCT_NAME = "$(TARGET_NAME)";
				SWIFT_VERSION = 5.0;
				TARGETED_DEVICE_FAMILY = "1,2";
				TEST_HOST = "$(BUILT_PRODUCTS_DIR)/SimilarWords.app/SimilarWords";
			};
			name = Release;
		};
		5473A2D424F325E8009C6E3D /* Debug */ = {
			isa = XCBuildConfiguration;
			buildSettings = {
				ALWAYS_EMBED_SWIFT_STANDARD_LIBRARIES = YES;
				CODE_SIGN_STYLE = Automatic;
				INFOPLIST_FILE = SimilarWordsUITests/Info.plist;
				LD_RUNPATH_SEARCH_PATHS = (
					"$(inherited)",
					"@executable_path/Frameworks",
					"@loader_path/Frameworks",
				);
				PRODUCT_BUNDLE_IDENTIFIER = emad.products.SimilarWordsUITests;
				PRODUCT_NAME = "$(TARGET_NAME)";
				SWIFT_VERSION = 5.0;
				TARGETED_DEVICE_FAMILY = "1,2";
				TEST_TARGET_NAME = SimilarWords;
			};
			name = Debug;
		};
		5473A2D524F325E8009C6E3D /* Release */ = {
			isa = XCBuildConfiguration;
			buildSettings = {
				ALWAYS_EMBED_SWIFT_STANDARD_LIBRARIES = YES;
				CODE_SIGN_STYLE = Automatic;
				INFOPLIST_FILE = SimilarWordsUITests/Info.plist;
				LD_RUNPATH_SEARCH_PATHS = (
					"$(inherited)",
					"@executable_path/Frameworks",
					"@loader_path/Frameworks",
				);
				PRODUCT_BUNDLE_IDENTIFIER = emad.products.SimilarWordsUITests;
				PRODUCT_NAME = "$(TARGET_NAME)";
				SWIFT_VERSION = 5.0;
				TARGETED_DEVICE_FAMILY = "1,2";
				TEST_TARGET_NAME = SimilarWords;
			};
			name = Release;
		};
/* End XCBuildConfiguration section */

/* Begin XCConfigurationList section */
		5473A29E24F325E6009C6E3D /* Build configuration list for PBXProject "SimilarWords" */ = {
			isa = XCConfigurationList;
			buildConfigurations = (
				5473A2CB24F325E8009C6E3D /* Debug */,
				5473A2CC24F325E8009C6E3D /* Release */,
			);
			defaultConfigurationIsVisible = 0;
			defaultConfigurationName = Release;
		};
		5473A2CD24F325E8009C6E3D /* Build configuration list for PBXNativeTarget "SimilarWords" */ = {
			isa = XCConfigurationList;
			buildConfigurations = (
				5473A2CE24F325E8009C6E3D /* Debug */,
				5473A2CF24F325E8009C6E3D /* Release */,
			);
			defaultConfigurationIsVisible = 0;
			defaultConfigurationName = Release;
		};
		5473A2D024F325E8009C6E3D /* Build configuration list for PBXNativeTarget "SimilarWordsTests" */ = {
			isa = XCConfigurationList;
			buildConfigurations = (
				5473A2D124F325E8009C6E3D /* Debug */,
				5473A2D224F325E8009C6E3D /* Release */,
			);
			defaultConfigurationIsVisible = 0;
			defaultConfigurationName = Release;
		};
		5473A2D324F325E8009C6E3D /* Build configuration list for PBXNativeTarget "SimilarWordsUITests" */ = {
			isa = XCConfigurationList;
			buildConfigurations = (
				5473A2D424F325E8009C6E3D /* Debug */,
				5473A2D524F325E8009C6E3D /* Release */,
			);
			defaultConfigurationIsVisible = 0;
			defaultConfigurationName = Release;
		};
/* End XCConfigurationList section */
	};
	rootObject = 5473A29B24F325E6009C6E3D /* Project object */;
}
